// !$*UTF8*$!
{
	archiveVersion = 1;
	classes = {
	};
	objectVersion = 77;
	objects = {

/* Begin PBXBuildFile section */
		53CCBBD32FDF15CE00B866A9 /* Swatches Debug Icon.icon in Resources */ = {isa = PBXBuildFile; fileRef = 53CCBBD22FDF15CE00B866A9 /* Swatches Debug Icon.icon */; };
		53CCBBD52FDF180B00B866A9 /* SwatchView.swift in Sources */ = {isa = PBXBuildFile; fileRef = 53CCBBD42FDF180B00B866A9 /* SwatchView.swift */; };
		53CCBBE52FDF440E00B866A9 /* DeveloperSettings.xcconfig in Resources */ = {isa = PBXBuildFile; fileRef = 53CCBBE42FDF440E00B866A9 /* DeveloperSettings.xcconfig */; };
		53E502BB2FDFBD5A00D758BC /* Swatches.swift in Sources */ = {isa = PBXBuildFile; fileRef = 53E502B82FDFBD5A00D758BC /* Swatches.swift */; };
		53E502BC2FDFBD5A00D758BC /* UrlService.swift in Sources */ = {isa = PBXBuildFile; fileRef = 53E502B92FDFBD5A00D758BC /* UrlService.swift */; };
		53E502BD2FDFBD5A00D758BC /* Swatch.swift in Sources */ = {isa = PBXBuildFile; fileRef = 53E502B72FDFBD5A00D758BC /* Swatch.swift */; };
		53EFB7B12FDD41C500C6194B /* Colors.swift in Sources */ = {isa = PBXBuildFile; fileRef = 53EFB7A52FDD41C500C6194B /* Colors.swift */; };
		53EFB7B22FDD41C500C6194B /* HapticFeedback.swift in Sources */ = {isa = PBXBuildFile; fileRef = 53EFB7A62FDD41C500C6194B /* HapticFeedback.swift */; };
		53EFB7B32FDD41C500C6194B /* ContentView.swift in Sources */ = {isa = PBXBuildFile; fileRef = 53EFB7A82FDD41C500C6194B /* ContentView.swift */; };
		53EFB7B42FDD41C500C6194B /* Swatch+link.swift in Sources */ = {isa = PBXBuildFile; fileRef = 53EFB7A92FDD41C500C6194B /* Swatch+link.swift */; };
		53EFB7B72FDD41C500C6194B /* SwatchesApp.swift in Sources */ = {isa = PBXBuildFile; fileRef = 53EFB7AD2FDD41C500C6194B /* SwatchesApp.swift */; };
		53EFB7BB2FDD44FE00C6194B /* Swatches Icon.icon in Resources */ = {isa = PBXBuildFile; fileRef = 53EFB7BA2FDD44FE00C6194B /* Swatches Icon.icon */; };
		53EFB7BD2FDD457D00C6194B /* Assets.xcassets in Resources */ = {isa = PBXBuildFile; fileRef = 53EFB7BC2FDD457D00C6194B /* Assets.xcassets */; };
		53EFB7BF2FDD470700C6194B /* Localizable.xcstrings in Resources */ = {isa = PBXBuildFile; fileRef = 53EFB7BE2FDD470700C6194B /* Localizable.xcstrings */; };
		53EFB7C12FDDC29A00C6194B /* AboutView.swift in Sources */ = {isa = PBXBuildFile; fileRef = 53EFB7C02FDDC29A00C6194B /* AboutView.swift */; };
/* End PBXBuildFile section */

/* Begin PBXContainerItemProxy section */
		53EFB75D2FDD377400C6194B /* PBXContainerItemProxy */ = {
			isa = PBXContainerItemProxy;
			containerPortal = 53EFB7472FDD377200C6194B /* Project object */;
			proxyType = 1;
			remoteGlobalIDString = 53EFB74E2FDD377200C6194B;
			remoteInfo = Swatches;
		};
		53EFB7672FDD377400C6194B /* PBXContainerItemProxy */ = {
			isa = PBXContainerItemProxy;
			containerPortal = 53EFB7472FDD377200C6194B /* Project object */;
			proxyType = 1;
			remoteGlobalIDString = 53EFB74E2FDD377200C6194B;
			remoteInfo = Swatches;
		};
/* End PBXContainerItemProxy section */

/* Begin PBXFileReference section */
		53CCBBD22FDF15CE00B866A9 /* Swatches Debug Icon.icon */ = {isa = PBXFileReference; lastKnownFileType = folder.iconcomposer.icon; path = "Swatches Debug Icon.icon"; sourceTree = "<group>"; };
		53CCBBD42FDF180B00B866A9 /* SwatchView.swift */ = {isa = PBXFileReference; lastKnownFileType = sourcecode.swift; path = SwatchView.swift; sourceTree = "<group>"; };
		53CCBBE42FDF440E00B866A9 /* DeveloperSettings.xcconfig */ = {isa = PBXFileReference; lastKnownFileType = text.xcconfig; path = DeveloperSettings.xcconfig; sourceTree = "<group>"; };
		53E502B72FDFBD5A00D758BC /* Swatch.swift */ = {isa = PBXFileReference; lastKnownFileType = sourcecode.swift; path = Swatch.swift; sourceTree = "<group>"; };
		53E502B82FDFBD5A00D758BC /* Swatches.swift */ = {isa = PBXFileReference; lastKnownFileType = sourcecode.swift; path = Swatches.swift; sourceTree = "<group>"; };
		53E502B92FDFBD5A00D758BC /* UrlService.swift */ = {isa = PBXFileReference; lastKnownFileType = sourcecode.swift; path = UrlService.swift; sourceTree = "<group>"; };
		53E502CA2FDFC31500D758BC /* Info.plist */ = {isa = PBXFileReference; lastKnownFileType = text.plist; path = Info.plist; sourceTree = "<group>"; };
		53EFB74F2FDD377200C6194B /* Swatches.app */ = {isa = PBXFileReference; explicitFileType = wrapper.application; includeInIndex = 0; path = Swatches.app; sourceTree = BUILT_PRODUCTS_DIR; };
		53EFB75C2FDD377400C6194B /* SwatchesTests.xctest */ = {isa = PBXFileReference; explicitFileType = wrapper.cfbundle; includeInIndex = 0; path = SwatchesTests.xctest; sourceTree = BUILT_PRODUCTS_DIR; };
		53EFB7662FDD377400C6194B /* SwatchesUITests.xctest */ = {isa = PBXFileReference; explicitFileType = wrapper.cfbundle; includeInIndex = 0; path = SwatchesUITests.xctest; sourceTree = BUILT_PRODUCTS_DIR; };
		53EFB7A52FDD41C500C6194B /* Colors.swift */ = {isa = PBXFileReference; lastKnownFileType = sourcecode.swift; path = Colors.swift; sourceTree = "<group>"; };
		53EFB7A62FDD41C500C6194B /* HapticFeedback.swift */ = {isa = PBXFileReference; lastKnownFileType = sourcecode.swift; path = HapticFeedback.swift; sourceTree = "<group>"; };
		53EFB7A82FDD41C500C6194B /* ContentView.swift */ = {isa = PBXFileReference; lastKnownFileType = sourcecode.swift; path = ContentView.swift; sourceTree = "<group>"; };
		53EFB7A92FDD41C500C6194B /* Swatch+link.swift */ = {isa = PBXFileReference; lastKnownFileType = sourcecode.swift; path = "Swatch+link.swift"; sourceTree = "<group>"; };
		53EFB7AD2FDD41C500C6194B /* SwatchesApp.swift */ = {isa = PBXFileReference; lastKnownFileType = sourcecode.swift; path = SwatchesApp.swift; sourceTree = "<group>"; };
		53EFB7BA2FDD44FE00C6194B /* Swatches Icon.icon */ = {isa = PBXFileReference; lastKnownFileType = folder.iconcomposer.icon; path = "Swatches Icon.icon"; sourceTree = "<group>"; };
		53EFB7BC2FDD457D00C6194B /* Assets.xcassets */ = {isa = PBXFileReference; lastKnownFileType = folder.assetcatalog; path = Assets.xcassets; sourceTree = "<group>"; };
		53EFB7BE2FDD470700C6194B /* Localizable.xcstrings */ = {isa = PBXFileReference; lastKnownFileType = text.json.xcstrings; path = Localizable.xcstrings; sourceTree = "<group>"; };
		53EFB7C02FDDC29A00C6194B /* AboutView.swift */ = {isa = PBXFileReference; lastKnownFileType = sourcecode.swift; path = AboutView.swift; sourceTree = "<group>"; };
/* End PBXFileReference section */

/* Begin PBXFileSystemSynchronizedRootGroup section */
		53EFB75F2FDD377400C6194B /* SwatchesTests */ = {
			isa = PBXFileSystemSynchronizedRootGroup;
			path = SwatchesTests;
			sourceTree = "<group>";
		};
		53EFB7692FDD377400C6194B /* SwatchesUITests */ = {
			isa = PBXFileSystemSynchronizedRootGroup;
			path = SwatchesUITests;
			sourceTree = "<group>";
		};
/* End PBXFileSystemSynchronizedRootGroup section */

/* Begin PBXFrameworksBuildPhase section */
		53EFB74C2FDD377200C6194B /* Frameworks */ = {
			isa = PBXFrameworksBuildPhase;
			buildActionMask = 2147483647;
			files = (
			);
			runOnlyForDeploymentPostprocessing = 0;
		};
		53EFB7592FDD377400C6194B /* Frameworks */ = {
			isa = PBXFrameworksBuildPhase;
			buildActionMask = 2147483647;
			files = (
			);
			runOnlyForDeploymentPostprocessing = 0;
		};
		53EFB7632FDD377400C6194B /* Frameworks */ = {
			isa = PBXFrameworksBuildPhase;
			buildActionMask = 2147483647;
			files = (
			);
			runOnlyForDeploymentPostprocessing = 0;
		};
/* End PBXFrameworksBuildPhase section */

/* Begin PBXGroup section */
		53E502BA2FDFBD5A00D758BC /* Models */ = {
			isa = PBXGroup;
			children = (
				53E502B72FDFBD5A00D758BC /* Swatch.swift */,
				53E502B82FDFBD5A00D758BC /* Swatches.swift */,
				53E502B92FDFBD5A00D758BC /* UrlService.swift */,
			);
			path = Models;
			sourceTree = "<group>";
		};
		53EFB7462FDD377200C6194B = {
			isa = PBXGroup;
			children = (
				53EFB7AF2FDD41C500C6194B /* Swatches */,
				53EFB75F2FDD377400C6194B /* SwatchesTests */,
				53EFB7692FDD377400C6194B /* SwatchesUITests */,
				53EFB7502FDD377200C6194B /* Products */,
			);
			sourceTree = "<group>";
		};
		53EFB7502FDD377200C6194B /* Products */ = {
			isa = PBXGroup;
			children = (
				53EFB74F2FDD377200C6194B /* Swatches.app */,
				53EFB75C2FDD377400C6194B /* SwatchesTests.xctest */,
				53EFB7662FDD377400C6194B /* SwatchesUITests.xctest */,
			);
			name = Products;
			sourceTree = "<group>";
		};
		53EFB7A42FDD41C500C6194B /* Resources */ = {
			isa = PBXGroup;
			children = (
				53EFB7BA2FDD44FE00C6194B /* Swatches Icon.icon */,
				53CCBBD22FDF15CE00B866A9 /* Swatches Debug Icon.icon */,
				53EFB7BE2FDD470700C6194B /* Localizable.xcstrings */,
				53EFB7BC2FDD457D00C6194B /* Assets.xcassets */,
				53CCBBE42FDF440E00B866A9 /* DeveloperSettings.xcconfig */,
			);
			path = Resources;
			sourceTree = "<group>";
		};
		53EFB7A72FDD41C500C6194B /* Swatches */ = {
			isa = PBXGroup;
			children = (
				53EFB7A52FDD41C500C6194B /* Colors.swift */,
				53EFB7A62FDD41C500C6194B /* HapticFeedback.swift */,
			);
			path = Swatches;
			sourceTree = "<group>";
		};
		53EFB7AA2FDD41C500C6194B /* Views */ = {
			isa = PBXGroup;
			children = (
				53EFB7A82FDD41C500C6194B /* ContentView.swift */,
				53EFB7C02FDDC29A00C6194B /* AboutView.swift */,
				53CCBBD42FDF180B00B866A9 /* SwatchView.swift */,
				53EFB7A92FDD41C500C6194B /* Swatch+link.swift */,
				53EFB7A72FDD41C500C6194B /* Swatches */,
			);
			path = Views;
			sourceTree = "<group>";
		};
		53EFB7AE2FDD41C500C6194B /* Sources */ = {
			isa = PBXGroup;
			children = (
				53EFB7AD2FDD41C500C6194B /* SwatchesApp.swift */,
				53E502BA2FDFBD5A00D758BC /* Models */,
				53EFB7AA2FDD41C500C6194B /* Views */,
			);
			path = Sources;
			sourceTree = "<group>";
		};
		53EFB7AF2FDD41C500C6194B /* Swatches */ = {
			isa = PBXGroup;
			children = (
				53E502CA2FDFC31500D758BC /* Info.plist */,
				53EFB7A42FDD41C500C6194B /* Resources */,
				53EFB7AE2FDD41C500C6194B /* Sources */,
			);
			path = Swatches;
			sourceTree = "<group>";
		};
/* End PBXGroup section */

/* Begin PBXNativeTarget section */
		53EFB74E2FDD377200C6194B /* Swatches */ = {
			isa = PBXNativeTarget;
			buildConfigurationList = 53EFB7702FDD377400C6194B /* Build configuration list for PBXNativeTarget "Swatches" */;
			buildPhases = (
				53EFB74B2FDD377200C6194B /* Sources */,
				53EFB74C2FDD377200C6194B /* Frameworks */,
				53EFB74D2FDD377200C6194B /* Resources */,
			);
			buildRules = (
			);
			dependencies = (
			);
			name = Swatches;
			packageProductDependencies = (
			);
			productName = Swatches;
			productReference = 53EFB74F2FDD377200C6194B /* Swatches.app */;
			productType = "com.apple.product-type.application";
		};
		53EFB75B2FDD377400C6194B /* SwatchesTests */ = {
			isa = PBXNativeTarget;
			buildConfigurationList = 53EFB7732FDD377400C6194B /* Build configuration list for PBXNativeTarget "SwatchesTests" */;
			buildPhases = (
				53EFB7582FDD377400C6194B /* Sources */,
				53EFB7592FDD377400C6194B /* Frameworks */,
				53EFB75A2FDD377400C6194B /* Resources */,
			);
			buildRules = (
			);
			dependencies = (
				53EFB75E2FDD377400C6194B /* PBXTargetDependency */,
			);
			fileSystemSynchronizedGroups = (
				53EFB75F2FDD377400C6194B /* SwatchesTests */,
			);
			name = SwatchesTests;
			packageProductDependencies = (
			);
			productName = SwatchesTests;
			productReference = 53EFB75C2FDD377400C6194B /* SwatchesTests.xctest */;
			productType = "com.apple.product-type.bundle.unit-test";
		};
		53EFB7652FDD377400C6194B /* SwatchesUITests */ = {
			isa = PBXNativeTarget;
			buildConfigurationList = 53EFB7762FDD377400C6194B /* Build configuration list for PBXNativeTarget "SwatchesUITests" */;
			buildPhases = (
				53EFB7622FDD377400C6194B /* Sources */,
				53EFB7632FDD377400C6194B /* Frameworks */,
				53EFB7642FDD377400C6194B /* Resources */,
			);
			buildRules = (
			);
			dependencies = (
				53EFB7682FDD377400C6194B /* PBXTargetDependency */,
			);
			fileSystemSynchronizedGroups = (
				53EFB7692FDD377400C6194B /* SwatchesUITests */,
			);
			name = SwatchesUITests;
			packageProductDependencies = (
			);
			productName = SwatchesUITests;
			productReference = 53EFB7662FDD377400C6194B /* SwatchesUITests.xctest */;
			productType = "com.apple.product-type.bundle.ui-testing";
		};
/* End PBXNativeTarget section */

/* Begin PBXProject section */
		53EFB7472FDD377200C6194B /* Project object */ = {
			isa = PBXProject;
			attributes = {
				BuildIndependentTargetsInParallel = 1;
				LastSwiftUpdateCheck = 2650;
				LastUpgradeCheck = 2650;
				TargetAttributes = {
					53EFB74E2FDD377200C6194B = {
						CreatedOnToolsVersion = 26.5;
					};
					53EFB75B2FDD377400C6194B = {
						CreatedOnToolsVersion = 26.5;
						TestTargetID = 53EFB74E2FDD377200C6194B;
					};
					53EFB7652FDD377400C6194B = {
						CreatedOnToolsVersion = 26.5;
						TestTargetID = 53EFB74E2FDD377200C6194B;
					};
				};
			};
			buildConfigurationList = 53EFB74A2FDD377200C6194B /* Build configuration list for PBXProject "Swatches" */;
			developmentRegion = en;
			hasScannedForEncodings = 0;
			knownRegions = (
				en,
				Base,
			);
			mainGroup = 53EFB7462FDD377200C6194B;
			minimizedProjectReferenceProxies = 1;
			preferredProjectObjectVersion = 77;
			productRefGroup = 53EFB7502FDD377200C6194B /* Products */;
			projectDirPath = "";
			projectRoot = "";
			targets = (
				53EFB74E2FDD377200C6194B /* Swatches */,
				53EFB75B2FDD377400C6194B /* SwatchesTests */,
				53EFB7652FDD377400C6194B /* SwatchesUITests */,
			);
		};
/* End PBXProject section */

/* Begin PBXResourcesBuildPhase section */
		53EFB74D2FDD377200C6194B /* Resources */ = {
			isa = PBXResourcesBuildPhase;
			buildActionMask = 2147483647;
			files = (
				53EFB7BD2FDD457D00C6194B /* Assets.xcassets in Resources */,
				53CCBBE52FDF440E00B866A9 /* DeveloperSettings.xcconfig in Resources */,
				53CCBBD32FDF15CE00B866A9 /* Swatches Debug Icon.icon in Resources */,
				53EFB7BB2FDD44FE00C6194B /* Swatches Icon.icon in Resources */,
				53EFB7BF2FDD470700C6194B /* Localizable.xcstrings in Resources */,
			);
			runOnlyForDeploymentPostprocessing = 0;
		};
		53EFB75A2FDD377400C6194B /* Resources */ = {
			isa = PBXResourcesBuildPhase;
			buildActionMask = 2147483647;
			files = (
			);
			runOnlyForDeploymentPostprocessing = 0;
		};
		53EFB7642FDD377400C6194B /* Resources */ = {
			isa = PBXResourcesBuildPhase;
			buildActionMask = 2147483647;
			files = (
			);
			runOnlyForDeploymentPostprocessing = 0;
		};
/* End PBXResourcesBuildPhase section */

/* Begin PBXSourcesBuildPhase section */
		53EFB74B2FDD377200C6194B /* Sources */ = {
			isa = PBXSourcesBuildPhase;
			buildActionMask = 2147483647;
			files = (
				53EFB7C12FDDC29A00C6194B /* AboutView.swift in Sources */,
				53EFB7B12FDD41C500C6194B /* Colors.swift in Sources */,
				53EFB7B22FDD41C500C6194B /* HapticFeedback.swift in Sources */,
				53E502BB2FDFBD5A00D758BC /* Swatches.swift in Sources */,
				53E502BC2FDFBD5A00D758BC /* UrlService.swift in Sources */,
				53E502BD2FDFBD5A00D758BC /* Swatch.swift in Sources */,
				53EFB7B32FDD41C500C6194B /* ContentView.swift in Sources */,
				53EFB7B42FDD41C500C6194B /* Swatch+link.swift in Sources */,
				53CCBBD52FDF180B00B866A9 /* SwatchView.swift in Sources */,
				53EFB7B72FDD41C500C6194B /* SwatchesApp.swift in Sources */,
			);
			runOnlyForDeploymentPostprocessing = 0;
		};
		53EFB7582FDD377400C6194B /* Sources */ = {
			isa = PBXSourcesBuildPhase;
			buildActionMask = 2147483647;
			files = (
			);
			runOnlyForDeploymentPostprocessing = 0;
		};
		53EFB7622FDD377400C6194B /* Sources */ = {
			isa = PBXSourcesBuildPhase;
			buildActionMask = 2147483647;
			files = (
			);
			runOnlyForDeploymentPostprocessing = 0;
		};
/* End PBXSourcesBuildPhase section */

/* Begin PBXTargetDependency section */
		53EFB75E2FDD377400C6194B /* PBXTargetDependency */ = {
			isa = PBXTargetDependency;
			target = 53EFB74E2FDD377200C6194B /* Swatches */;
			targetProxy = 53EFB75D2FDD377400C6194B /* PBXContainerItemProxy */;
		};
		53EFB7682FDD377400C6194B /* PBXTargetDependency */ = {
			isa = PBXTargetDependency;
			target = 53EFB74E2FDD377200C6194B /* Swatches */;
			targetProxy = 53EFB7672FDD377400C6194B /* PBXContainerItemProxy */;
		};
/* End PBXTargetDependency section */

/* Begin XCBuildConfiguration section */
		53EFB76E2FDD377400C6194B /* Debug */ = {
			isa = XCBuildConfiguration;
			baseConfigurationReference = 53CCBBE42FDF440E00B866A9 /* DeveloperSettings.xcconfig */;
			buildSettings = {
				ALWAYS_SEARCH_USER_PATHS = NO;
				ASSETCATALOG_COMPILER_GENERATE_SWIFT_ASSET_SYMBOL_EXTENSIONS = YES;
				CLANG_ANALYZER_NONNULL = YES;
				CLANG_ANALYZER_NUMBER_OBJECT_CONVERSION = YES_AGGRESSIVE;
				CLANG_CXX_LANGUAGE_STANDARD = "gnu++20";
				CLANG_ENABLE_MODULES = YES;
				CLANG_ENABLE_OBJC_ARC = YES;
				CLANG_ENABLE_OBJC_WEAK = YES;
				CLANG_WARN_BLOCK_CAPTURE_AUTORELEASING = YES;
				CLANG_WARN_BOOL_CONVERSION = YES;
				CLANG_WARN_COMMA = YES;
				CLANG_WARN_CONSTANT_CONVERSION = YES;
				CLANG_WARN_DEPRECATED_OBJC_IMPLEMENTATIONS = YES;
				CLANG_WARN_DIRECT_OBJC_ISA_USAGE = YES_ERROR;
				CLANG_WARN_DOCUMENTATION_COMMENTS = YES;
				CLANG_WARN_EMPTY_BODY = YES;
				CLANG_WARN_ENUM_CONVERSION = YES;
				CLANG_WARN_INFINITE_RECURSION = YES;
				CLANG_WARN_INT_CONVERSION = YES;
				CLANG_WARN_NON_LITERAL_NULL_CONVERSION = YES;
				CLANG_WARN_OBJC_IMPLICIT_RETAIN_SELF = YES;
				CLANG_WARN_OBJC_LITERAL_CONVERSION = YES;
				CLANG_WARN_OBJC_ROOT_CLASS = YES_ERROR;
				CLANG_WARN_QUOTED_INCLUDE_IN_FRAMEWORK_HEADER = YES;
				CLANG_WARN_RANGE_LOOP_ANALYSIS = YES;
				CLANG_WARN_STRICT_PROTOTYPES = YES;
				CLANG_WARN_SUSPICIOUS_MOVE = YES;
				CLANG_WARN_UNGUARDED_AVAILABILITY = YES_AGGRESSIVE;
				CLANG_WARN_UNREACHABLE_CODE = YES;
				CLANG_WARN__DUPLICATE_METHOD_MATCH = YES;
				COPY_PHASE_STRIP = NO;
				DEBUG_INFORMATION_FORMAT = dwarf;
				DEVELOPMENT_TEAM = Q4JH4MFFKH;
				ENABLE_STRICT_OBJC_MSGSEND = YES;
				ENABLE_TESTABILITY = YES;
				ENABLE_USER_SCRIPT_SANDBOXING = YES;
				GCC_C_LANGUAGE_STANDARD = gnu17;
				GCC_DYNAMIC_NO_PIC = NO;
				GCC_NO_COMMON_BLOCKS = YES;
				GCC_OPTIMIZATION_LEVEL = 0;
				GCC_PREPROCESSOR_DEFINITIONS = (
					"DEBUG=1",
					"$(inherited)",
				);
				GCC_WARN_64_TO_32_BIT_CONVERSION = YES;
				GCC_WARN_ABOUT_RETURN_TYPE = YES_ERROR;
				GCC_WARN_UNDECLARED_SELECTOR = YES;
				GCC_WARN_UNINITIALIZED_AUTOS = YES_AGGRESSIVE;
				GCC_WARN_UNUSED_FUNCTION = YES;
				GCC_WARN_UNUSED_VARIABLE = YES;
				IPHONEOS_DEPLOYMENT_TARGET = 26.5;
				LOCALIZATION_PREFERS_STRING_CATALOGS = YES;
				MTL_ENABLE_DEBUG_INFO = INCLUDE_SOURCE;
				MTL_FAST_MATH = YES;
				ONLY_ACTIVE_ARCH = YES;
				SDKROOT = iphoneos;
				SWIFT_ACTIVE_COMPILATION_CONDITIONS = "DEBUG $(inherited)";
				SWIFT_EMIT_LOC_STRINGS = YES;
				SWIFT_OPTIMIZATION_LEVEL = "-Onone";
			};
			name = Debug;
		};
		53EFB76F2FDD377400C6194B /* Release */ = {
			isa = XCBuildConfiguration;
			baseConfigurationReference = 53CCBBE42FDF440E00B866A9 /* DeveloperSettings.xcconfig */;
			buildSettings = {
				ALWAYS_SEARCH_USER_PATHS = NO;
				ASSETCATALOG_COMPILER_GENERATE_SWIFT_ASSET_SYMBOL_EXTENSIONS = YES;
				CLANG_ANALYZER_NONNULL = YES;
				CLANG_ANALYZER_NUMBER_OBJECT_CONVERSION = YES_AGGRESSIVE;
				CLANG_CXX_LANGUAGE_STANDARD = "gnu++20";
				CLANG_ENABLE_MODULES = YES;
				CLANG_ENABLE_OBJC_ARC = YES;
				CLANG_ENABLE_OBJC_WEAK = YES;
				CLANG_WARN_BLOCK_CAPTURE_AUTORELEASING = YES;
				CLANG_WARN_BOOL_CONVERSION = YES;
				CLANG_WARN_COMMA = YES;
				CLANG_WARN_CONSTANT_CONVERSION = YES;
				CLANG_WARN_DEPRECATED_OBJC_IMPLEMENTATIONS = YES;
				CLANG_WARN_DIRECT_OBJC_ISA_USAGE = YES_ERROR;
				CLANG_WARN_DOCUMENTATION_COMMENTS = YES;
				CLANG_WARN_EMPTY_BODY = YES;
				CLANG_WARN_ENUM_CONVERSION = YES;
				CLANG_WARN_INFINITE_RECURSION = YES;
				CLANG_WARN_INT_CONVERSION = YES;
				CLANG_WARN_NON_LITERAL_NULL_CONVERSION = YES;
				CLANG_WARN_OBJC_IMPLICIT_RETAIN_SELF = YES;
				CLANG_WARN_OBJC_LITERAL_CONVERSION = YES;
				CLANG_WARN_OBJC_ROOT_CLASS = YES_ERROR;
				CLANG_WARN_QUOTED_INCLUDE_IN_FRAMEWORK_HEADER = YES;
				CLANG_WARN_RANGE_LOOP_ANALYSIS = YES;
				CLANG_WARN_STRICT_PROTOTYPES = YES;
				CLANG_WARN_SUSPICIOUS_MOVE = YES;
				CLANG_WARN_UNGUARDED_AVAILABILITY = YES_AGGRESSIVE;
				CLANG_WARN_UNREACHABLE_CODE = YES;
				CLANG_WARN__DUPLICATE_METHOD_MATCH = YES;
				COPY_PHASE_STRIP = NO;
				DEBUG_INFORMATION_FORMAT = "dwarf-with-dsym";
				DEVELOPMENT_TEAM = Q4JH4MFFKH;
				ENABLE_NS_ASSERTIONS = NO;
				ENABLE_STRICT_OBJC_MSGSEND = YES;
				ENABLE_USER_SCRIPT_SANDBOXING = YES;
				GCC_C_LANGUAGE_STANDARD = gnu17;
				GCC_NO_COMMON_BLOCKS = YES;
				GCC_WARN_64_TO_32_BIT_CONVERSION = YES;
				GCC_WARN_ABOUT_RETURN_TYPE = YES_ERROR;
				GCC_WARN_UNDECLARED_SELECTOR = YES;
				GCC_WARN_UNINITIALIZED_AUTOS = YES_AGGRESSIVE;
				GCC_WARN_UNUSED_FUNCTION = YES;
				GCC_WARN_UNUSED_VARIABLE = YES;
				IPHONEOS_DEPLOYMENT_TARGET = 26.5;
				LOCALIZATION_PREFERS_STRING_CATALOGS = YES;
				MTL_ENABLE_DEBUG_INFO = NO;
				MTL_FAST_MATH = YES;
				SDKROOT = iphoneos;
				SWIFT_COMPILATION_MODE = wholemodule;
				SWIFT_EMIT_LOC_STRINGS = YES;
				VALIDATE_PRODUCT = YES;
			};
			name = Release;
		};
		53EFB7712FDD377400C6194B /* Debug */ = {
			isa = XCBuildConfiguration;
			buildSettings = {
				ASSETCATALOG_COMPILER_APPICON_NAME = "Swatches Debug Icon";
				ASSETCATALOG_COMPILER_GLOBAL_ACCENT_COLOR_NAME = AccentColor;
				CODE_SIGN_STYLE = Automatic;
				CURRENT_PROJECT_VERSION = 1;
				ENABLE_PREVIEWS = YES;
				GENERATE_INFOPLIST_FILE = YES;
				INFOPLIST_FILE = Swatches/Info.plist;
				INFOPLIST_KEY_CFBundleDisplayName = "Swatches 🛠";
				INFOPLIST_KEY_ITSAppUsesNonExemptEncryption = NO;
				INFOPLIST_KEY_LSApplicationCategoryType = "public.app-category.developer-tools";
				INFOPLIST_KEY_UIApplicationSceneManifest_Generation = YES;
				INFOPLIST_KEY_UIApplicationSupportsIndirectInputEvents = YES;
				INFOPLIST_KEY_UILaunchScreen_Generation = YES;
				INFOPLIST_KEY_UISupportedInterfaceOrientations = UIInterfaceOrientationPortrait;
				INFOPLIST_KEY_UISupportedInterfaceOrientations_iPad = "UIInterfaceOrientationLandscapeLeft UIInterfaceOrientationLandscapeRight UIInterfaceOrientationPortrait UIInterfaceOrientationPortraitUpsideDown";
				LD_RUNPATH_SEARCH_PATHS = (
					"$(inherited)",
					"@executable_path/Frameworks",
				);
				MARKETING_VERSION = 0.1.0;
				PRODUCT_MODULE_NAME = Swatches;
				PRODUCT_NAME = Swatches;
				STRING_CATALOG_GENERATE_SYMBOLS = YES;
				SWIFT_APPROACHABLE_CONCURRENCY = YES;
				SWIFT_DEFAULT_ACTOR_ISOLATION = MainActor;
				SWIFT_EMIT_LOC_STRINGS = YES;
				SWIFT_UPCOMING_FEATURE_MEMBER_IMPORT_VISIBILITY = YES;
				SWIFT_VERSION = 5.0;
				TARGETED_DEVICE_FAMILY = "1,2";
			};
			name = Debug;
		};
		53EFB7722FDD377400C6194B /* Release */ = {
			isa = XCBuildConfiguration;
			buildSettings = {
				ASSETCATALOG_COMPILER_APPICON_NAME = "Swatches Icon";
				ASSETCATALOG_COMPILER_GLOBAL_ACCENT_COLOR_NAME = AccentColor;
				CODE_SIGN_STYLE = Automatic;
				CURRENT_PROJECT_VERSION = 1;
				ENABLE_PREVIEWS = YES;
				GENERATE_INFOPLIST_FILE = YES;
				INFOPLIST_FILE = Swatches/Info.plist;
				INFOPLIST_KEY_CFBundleDisplayName = "Swatches 🛠";
				INFOPLIST_KEY_ITSAppUsesNonExemptEncryption = NO;
				INFOPLIST_KEY_LSApplicationCategoryType = "public.app-category.developer-tools";
				INFOPLIST_KEY_UIApplicationSceneManifest_Generation = YES;
				INFOPLIST_KEY_UIApplicationSupportsIndirectInputEvents = YES;
				INFOPLIST_KEY_UILaunchScreen_Generation = YES;
				INFOPLIST_KEY_UISupportedInterfaceOrientations = UIInterfaceOrientationPortrait;
				INFOPLIST_KEY_UISupportedInterfaceOrientations_iPad = "UIInterfaceOrientationLandscapeLeft UIInterfaceOrientationLandscapeRight UIInterfaceOrientationPortrait UIInterfaceOrientationPortraitUpsideDown";
				LD_RUNPATH_SEARCH_PATHS = (
					"$(inherited)",
					"@executable_path/Frameworks",
				);
				MARKETING_VERSION = 0.1.0;
				PRODUCT_MODULE_NAME = Swatches;
				PRODUCT_NAME = Swatches;
				STRING_CATALOG_GENERATE_SYMBOLS = YES;
				SWIFT_APPROACHABLE_CONCURRENCY = YES;
				SWIFT_DEFAULT_ACTOR_ISOLATION = MainActor;
				SWIFT_EMIT_LOC_STRINGS = YES;
				SWIFT_UPCOMING_FEATURE_MEMBER_IMPORT_VISIBILITY = YES;
				SWIFT_VERSION = 5.0;
				TARGETED_DEVICE_FAMILY = "1,2";
			};
			name = Release;
		};
		53EFB7742FDD377400C6194B /* Debug */ = {
			isa = XCBuildConfiguration;
			buildSettings = {
				BUNDLE_LOADER = "$(TEST_HOST)";
				CODE_SIGN_STYLE = Automatic;
				CURRENT_PROJECT_VERSION = 1;
				GENERATE_INFOPLIST_FILE = YES;
				IPHONEOS_DEPLOYMENT_TARGET = 26.5;
				MARKETING_VERSION = 1.0;
				PRODUCT_BUNDLE_IDENTIFIER = com.ziplyne.SwatchesTests;
				PRODUCT_NAME = "$(TARGET_NAME)";
				STRING_CATALOG_GENERATE_SYMBOLS = NO;
				SWIFT_APPROACHABLE_CONCURRENCY = YES;
				SWIFT_EMIT_LOC_STRINGS = NO;
				SWIFT_UPCOMING_FEATURE_MEMBER_IMPORT_VISIBILITY = YES;
				SWIFT_VERSION = 5.0;
				TARGETED_DEVICE_FAMILY = "1,2";
			};
			name = Debug;
		};
		53EFB7752FDD377400C6194B /* Release */ = {
			isa = XCBuildConfiguration;
			buildSettings = {
				BUNDLE_LOADER = "$(TEST_HOST)";
				CODE_SIGN_STYLE = Automatic;
				CURRENT_PROJECT_VERSION = 1;
				GENERATE_INFOPLIST_FILE = YES;
				IPHONEOS_DEPLOYMENT_TARGET = 26.5;
				MARKETING_VERSION = 1.0;
				PRODUCT_BUNDLE_IDENTIFIER = com.ziplyne.SwatchesTests;
				PRODUCT_NAME = "$(TARGET_NAME)";
				STRING_CATALOG_GENERATE_SYMBOLS = NO;
				SWIFT_APPROACHABLE_CONCURRENCY = YES;
				SWIFT_EMIT_LOC_STRINGS = NO;
				SWIFT_UPCOMING_FEATURE_MEMBER_IMPORT_VISIBILITY = YES;
				SWIFT_VERSION = 5.0;
				TARGETED_DEVICE_FAMILY = "1,2";
			};
			name = Release;
		};
		53EFB7772FDD377400C6194B /* Debug */ = {
			isa = XCBuildConfiguration;
			buildSettings = {
				CODE_SIGN_STYLE = Automatic;
				CURRENT_PROJECT_VERSION = 1;
				GENERATE_INFOPLIST_FILE = YES;
				MARKETING_VERSION = 1.0;
				PRODUCT_BUNDLE_IDENTIFIER = com.ziplyne.SwatchesUITests;
				PRODUCT_NAME = "$(TARGET_NAME)";
				STRING_CATALOG_GENERATE_SYMBOLS = NO;
				SWIFT_APPROACHABLE_CONCURRENCY = YES;
				SWIFT_EMIT_LOC_STRINGS = NO;
				SWIFT_UPCOMING_FEATURE_MEMBER_IMPORT_VISIBILITY = YES;
				SWIFT_VERSION = 5.0;
				TARGETED_DEVICE_FAMILY = "1,2";
				TEST_TARGET_NAME = Swatches;
			};
			name = Debug;
		};
		53EFB7782FDD377400C6194B /* Release */ = {
			isa = XCBuildConfiguration;
			buildSettings = {
				CODE_SIGN_STYLE = Automatic;
				CURRENT_PROJECT_VERSION = 1;
				GENERATE_INFOPLIST_FILE = YES;
				MARKETING_VERSION = 1.0;
				PRODUCT_BUNDLE_IDENTIFIER = com.ziplyne.SwatchesUITests;
				PRODUCT_NAME = "$(TARGET_NAME)";
				STRING_CATALOG_GENERATE_SYMBOLS = NO;
				SWIFT_APPROACHABLE_CONCURRENCY = YES;
				SWIFT_EMIT_LOC_STRINGS = NO;
				SWIFT_UPCOMING_FEATURE_MEMBER_IMPORT_VISIBILITY = YES;
				SWIFT_VERSION = 5.0;
				TARGETED_DEVICE_FAMILY = "1,2";
				TEST_TARGET_NAME = Swatches;
			};
			name = Release;
		};
/* End XCBuildConfiguration section */

/* Begin XCConfigurationList section */
		53EFB74A2FDD377200C6194B /* Build configuration list for PBXProject "Swatches" */ = {
			isa = XCConfigurationList;
			buildConfigurations = (
				53EFB76E2FDD377400C6194B /* Debug */,
				53EFB76F2FDD377400C6194B /* Release */,
			);
			defaultConfigurationIsVisible = 0;
			defaultConfigurationName = Release;
		};
		53EFB7702FDD377400C6194B /* Build configuration list for PBXNativeTarget "Swatches" */ = {
			isa = XCConfigurationList;
			buildConfigurations = (
				53EFB7712FDD377400C6194B /* Debug */,
				53EFB7722FDD377400C6194B /* Release */,
			);
			defaultConfigurationIsVisible = 0;
			defaultConfigurationName = Release;
		};
		53EFB7732FDD377400C6194B /* Build configuration list for PBXNativeTarget "SwatchesTests" */ = {
			isa = XCConfigurationList;
			buildConfigurations = (
				53EFB7742FDD377400C6194B /* Debug */,
				53EFB7752FDD377400C6194B /* Release */,
			);
			defaultConfigurationIsVisible = 0;
			defaultConfigurationName = Release;
		};
		53EFB7762FDD377400C6194B /* Build configuration list for PBXNativeTarget "SwatchesUITests" */ = {
			isa = XCConfigurationList;
			buildConfigurations = (
				53EFB7772FDD377400C6194B /* Debug */,
				53EFB7782FDD377400C6194B /* Release */,
			);
			defaultConfigurationIsVisible = 0;
			defaultConfigurationName = Release;
		};
/* End XCConfigurationList section */
	};
	rootObject = 53EFB7472FDD377200C6194B /* Project object */;
}
